
Microsoft Visual Studio Solution File, Format Version 12.00
# Visual Studio 15
VisualStudioVersion = 15.0.28307.438
MinimumVisualStudioVersion = 10.0.40219.1
Project("{FAE04EC0-301F-11D3-BF4B-00C04F79EFBC}") = "Minutes.Android", "Minutes\Minutes.Android\Minutes.Android.csproj", "{CA7680C2-BF9F-481A-A0DA-BF6F9FE6816A}"
EndProject
Project("{FAE04EC0-301F-11D3-BF4B-00C04F79EFBC}") = "Minutes.iOS", "Minutes\Minutes.iOS\Minutes.iOS.csproj", "{9136AF4D-64F2-42E2-996D-2808F33A3EC2}"
EndProject
Project("{FAE04EC0-301F-11D3-BF4B-00C04F79EFBC}") = "Minutes", "Minutes\Minutes\Minutes.csproj", "{809ED05A-AB1C-400E-9E4D-5060B859F738}"
EndProject
Global
	GlobalSection(SolutionConfigurationPlatforms) = preSolution
		Ad-Hoc|Any CPU = Ad-Hoc|Any CPU
		Ad-Hoc|iPhone = Ad-Hoc|iPhone
		Ad-Hoc|iPhoneSimulator = Ad-Hoc|iPhoneSimulator
		AppStore|Any CPU = AppStore|Any CPU
		AppStore|iPhone = AppStore|iPhone
		AppStore|iPhoneSimulator = AppStore|iPhoneSimulator
		Debug|Any CPU = Debug|Any CPU
		Debug|iPhone = Debug|iPhone
		Debug|iPhoneSimulator = Debug|iPhoneSimulator
		Release|Any CPU = Release|Any CPU
		Release|iPhone = Release|iPhone
		Release|iPhoneSimulator = Release|iPhoneSimulator
	EndGlobalSection
	GlobalSection(ProjectConfigurationPlatforms) = postSolution
		{CA7680C2-BF9F-481A-A0DA-BF6F9FE6816A}.Ad-Hoc|Any CPU.ActiveCfg = Release|Any CPU
		{CA7680C2-BF9F-481A-A0DA-BF6F9FE6816A}.Ad-Hoc|Any CPU.Build.0 = Release|Any CPU
		{CA7680C2-BF9F-481A-A0DA-BF6F9FE6816A}.Ad-Hoc|Any CPU.Deploy.0 = Release|Any CPU
		{CA7680C2-BF9F-481A-A0DA-BF6F9FE6816A}.Ad-Hoc|iPhone.ActiveCfg = Release|Any CPU
		{CA7680C2-BF9F-481A-A0DA-BF6F9FE6816A}.Ad-Hoc|iPhone.Build.0 = Release|Any CPU
		{CA7680C2-BF9F-481A-A0DA-BF6F9FE6816A}.Ad-Hoc|iPhone.Deploy.0 = Release|Any CPU
		{CA7680C2-BF9F-481A-A0DA-BF6F9FE6816A}.Ad-Hoc|iPhoneSimulator.ActiveCfg = Release|Any CPU
		{CA7680C2-BF9F-481A-A0DA-BF6F9FE6816A}.Ad-Hoc|iPhoneSimulator.Build.0 = Release|Any CPU
		{CA7680C2-BF9F-481A-A0DA-BF6F9FE6816A}.Ad-Hoc|iPhoneSimulator.Deploy.0 = Release|Any CPU
		{CA7680C2-BF9F-481A-A0DA-BF6F9FE6816A}.AppStore|Any CPU.ActiveCfg = Release|Any CPU
		{CA7680C2-BF9F-481A-A0DA-BF6F9FE6816A}.AppStore|Any CPU.Build.0 = Release|Any CPU
		{CA7680C2-BF9F-481A-A0DA-BF6F9FE6816A}.AppStore|Any CPU.Deploy.0 = Release|Any CPU
		{CA7680C2-BF9F-481A-A0DA-BF6F9FE6816A}.AppStore|iPhone.ActiveCfg = Release|Any CPU
		{CA7680C2-BF9F-481A-A0DA-BF6F9FE6816A}.AppStore|iPhone.Build.0 = Release|Any CPU
		{CA7680C2-BF9F-481A-A0DA-BF6F9FE6816A}.AppStore|iPhone.Deploy.0 = Release|Any CPU
		{CA7680C2-BF9F-481A-A0DA-BF6F9FE6816A}.AppStore|iPhoneSimulator.ActiveCfg = Release|Any CPU
		{CA7680C2-BF9F-481A-A0DA-BF6F9FE6816A}.AppStore|iPhoneSimulator.Build.0 = Release|Any CPU
		{CA7680C2-BF9F-481A-A0DA-BF6F9FE6816A}.AppStore|iPhoneSimulator.Deploy.0 = Release|Any CPU
		{CA7680C2-BF9F-481A-A0DA-BF6F9FE6816A}.Debug|Any CPU.ActiveCfg = Debug|Any CPU
		{CA7680C2-BF9F-481A-A0DA-BF6F9FE6816A}.Debug|Any CPU.Build.0 = Debug|Any CPU
		{CA7680C2-BF9F-481A-A0DA-BF6F9FE6816A}.Debug|Any CPU.Deploy.0 = Debug|Any CPU
		{CA7680C2-BF9F-481A-A0DA-BF6F9FE6816A}.Debug|iPhone.ActiveCfg = Debug|Any CPU
		{CA7680C2-BF9F-481A-A0DA-BF6F9FE6816A}.Debug|iPhone.Build.0 = Debug|Any CPU
		{CA7680C2-BF9F-481A-A0DA-BF6F9FE6816A}.Debug|iPhone.Deploy.0 = Debug|Any CPU
		{CA7680C2-BF9F-481A-A0DA-BF6F9FE6816A}.Debug|iPhoneSimulator.ActiveCfg = Debug|Any CPU
		{CA7680C2-BF9F-481A-A0DA-BF6F9FE6816A}.Debug|iPhoneSimulator.Build.0 = Debug|Any CPU
		{CA7680C2-BF9F-481A-A0DA-BF6F9FE6816A}.Debug|iPhoneSimulator.Deploy.0 = Debug|Any CPU
		{CA7680C2-BF9F-481A-A0DA-BF6F9FE6816A}.Release|Any CPU.ActiveCfg = Release|Any CPU
		{CA7680C2-BF9F-481A-A0DA-BF6F9FE6816A}.Release|Any CPU.Build.0 = Release|Any CPU
		{CA7680C2-BF9F-481A-A0DA-BF6F9FE6816A}.Release|Any CPU.Deploy.0 = Release|Any CPU
		{CA7680C2-BF9F-481A-A0DA-BF6F9FE6816A}.Release|iPhone.ActiveCfg = Release|Any CPU
		{CA7680C2-BF9F-481A-A0DA-BF6F9FE6816A}.Release|iPhone.Build.0 = Release|Any CPU
		{CA7680C2-BF9F-481A-A0DA-BF6F9FE6816A}.Release|iPhone.Deploy.0 = Release|Any CPU
		{CA7680C2-BF9F-481A-A0DA-BF6F9FE6816A}.Release|iPhoneSimulator.ActiveCfg = Release|Any CPU
		{CA7680C2-BF9F-481A-A0DA-BF6F9FE6816A}.Release|iPhoneSimulator.Build.0 = Release|Any CPU
		{CA7680C2-BF9F-481A-A0DA-BF6F9FE6816A}.Release|iPhoneSimulator.Deploy.0 = Release|Any CPU
		{9136AF4D-64F2-42E2-996D-2808F33A3EC2}.Ad-Hoc|Any CPU.ActiveCfg = Ad-Hoc|iPhone
		{9136AF4D-64F2-42E2-996D-2808F33A3EC2}.Ad-Hoc|Any CPU.Build.0 = Ad-Hoc|iPhone
		{9136AF4D-64F2-42E2-996D-2808F33A3EC2}.Ad-Hoc|Any CPU.Deploy.0 = Ad-Hoc|iPhone
		{9136AF4D-64F2-42E2-996D-2808F33A3EC2}.Ad-Hoc|iPhone.ActiveCfg = Ad-Hoc|iPhone
		{9136AF4D-64F2-42E2-996D-2808F33A3EC2}.Ad-Hoc|iPhone.Build.0 = Ad-Hoc|iPhone
		{9136AF4D-64F2-42E2-996D-2808F33A3EC2}.Ad-Hoc|iPhone.Deploy.0 = Ad-Hoc|iPhone
		{9136AF4D-64F2-42E2-996D-2808F33A3EC2}.Ad-Hoc|iPhoneSimulator.ActiveCfg = Ad-Hoc|iPhoneSimulator
		{9136AF4D-64F2-42E2-996D-2808F33A3EC2}.Ad-Hoc|iPhoneSimulator.Build.0 = Ad-Hoc|iPhoneSimulator
		{9136AF4D-64F2-42E2-996D-2808F33A3EC2}.Ad-Hoc|iPhoneSimulator.Deploy.0 = Ad-Hoc|iPhoneSimulator
		{9136AF4D-64F2-42E2-996D-2808F33A3EC2}.AppStore|Any CPU.ActiveCfg = AppStore|iPhone
		{9136AF4D-64F2-42E2-996D-2808F33A3EC2}.AppStore|Any CPU.Build.0 = AppStore|iPhone
		{9136AF4D-64F2-42E2-996D-2808F33A3EC2}.AppStore|Any CPU.Deploy.0 = AppStore|iPhone
		{9136AF4D-64F2-42E2-996D-2808F33A3EC2}.AppStore|iPhone.ActiveCfg = AppStore|iPhone
		{9136AF4D-64F2-42E2-996D-2808F33A3EC2}.AppStore|iPhone.Build.0 = AppStore|iPhone
		{9136AF4D-64F2-42E2-996D-2808F33A3EC2}.AppStore|iPhone.Deploy.0 = AppStore|iPhone
		{9136AF4D-64F2-42E2-996D-2808F33A3EC2}.AppStore|iPhoneSimulator.ActiveCfg = AppStore|iPhoneSimulator
		{9136AF4D-64F2-42E2-996D-2808F33A3EC2}.AppStore|iPhoneSimulator.Build.0 = AppStore|iPhoneSimulator
		{9136AF4D-64F2-42E2-996D-2808F33A3EC2}.AppStore|iPhoneSimulator.Deploy.0 = AppStore|iPhoneSimulator
		{9136AF4D-64F2-42E2-996D-2808F33A3EC2}.Debug|Any CPU.ActiveCfg = Debug|iPhoneSimulator
		{9136AF4D-64F2-42E2-996D-2808F33A3EC2}.Debug|Any CPU.Build.0 = Debug|iPhoneSimulator
		{9136AF4D-64F2-42E2-996D-2808F33A3EC2}.Debug|Any CPU.Deploy.0 = Debug|iPhoneSimulator
		{9136AF4D-64F2-42E2-996D-2808F33A3EC2}.Debug|iPhone.ActiveCfg = Debug|iPhone
		{9136AF4D-64F2-42E2-996D-2808F33A3EC2}.Debug|iPhone.Build.0 = Debug|iPhone
		{9136AF4D-64F2-42E2-996D-2808F33A3EC2}.Debug|iPhone.Deploy.0 = Debug|iPhone
		{9136AF4D-64F2-42E2-996D-2808F33A3EC2}.Debug|iPhoneSimulator.ActiveCfg = Debug|iPhoneSimulator
		{9136AF4D-64F2-42E2-996D-2808F33A3EC2}.Debug|iPhoneSimulator.Build.0 = Debug|iPhoneSimulator
		{9136AF4D-64F2-42E2-996D-2808F33A3EC2}.Debug|iPhoneSimulator.Deploy.0 = Debug|iPhoneSimulator
		{9136AF4D-64F2-42E2-996D-2808F33A3EC2}.Release|Any CPU.ActiveCfg = Release|iPhone
		{9136AF4D-64F2-42E2-996D-2808F33A3EC2}.Release|Any CPU.Build.0 = Release|iPhone
		{9136AF4D-64F2-42E2-996D-2808F33A3EC2}.Release|Any CPU.Deploy.0 = Release|iPhone
		{9136AF4D-64F2-42E2-996D-2808F33A3EC2}.Release|iPhone.ActiveCfg = Release|iPhone
		{9136AF4D-64F2-42E2-996D-2808F33A3EC2}.Release|iPhone.Build.0 = Release|iPhone
		{9136AF4D-64F2-42E2-996D-2808F33A3EC2}.Release|iPhone.Deploy.0 = Release|iPhone
		{9136AF4D-64F2-42E2-996D-2808F33A3EC2}.Release|iPhoneSimulator.ActiveCfg = Release|iPhoneSimulator
		{9136AF4D-64F2-42E2-996D-2808F33A3EC2}.Release|iPhoneSimulator.Build.0 = Release|iPhoneSimulator
		{9136AF4D-64F2-42E2-996D-2808F33A3EC2}.Release|iPhoneSimulator.Deploy.0 = Release|iPhoneSimulator
		{809ED05A-AB1C-400E-9E4D-5060B859F738}.Ad-Hoc|Any CPU.ActiveCfg = Debug|Any CPU
		{809ED05A-AB1C-400E-9E4D-5060B859F738}.Ad-Hoc|Any CPU.Build.0 = Debug|Any CPU
		{809ED05A-AB1C-400E-9E4D-5060B859F738}.Ad-Hoc|Any CPU.Deploy.0 = Debug|Any CPU
		{809ED05A-AB1C-400E-9E4D-5060B859F738}.Ad-Hoc|iPhone.ActiveCfg = Debug|Any CPU
		{809ED05A-AB1C-400E-9E4D-5060B859F738}.Ad-Hoc|iPhone.Build.0 = Debug|Any CPU
		{809ED05A-AB1C-400E-9E4D-5060B859F738}.Ad-Hoc|iPhone.Deploy.0 = Debug|Any CPU
		{809ED05A-AB1C-400E-9E4D-5060B859F738}.Ad-Hoc|iPhoneSimulator.ActiveCfg = Debug|Any CPU
		{809ED05A-AB1C-400E-9E4D-5060B859F738}.Ad-Hoc|iPhoneSimulator.Build.0 = Debug|Any CPU
		{809ED05A-AB1C-400E-9E4D-5060B859F738}.Ad-Hoc|iPhoneSimulator.Deploy.0 = Debug|Any CPU
		{809ED05A-AB1C-400E-9E4D-5060B859F738}.AppStore|Any CPU.ActiveCfg = Debug|Any CPU
		{809ED05A-AB1C-400E-9E4D-5060B859F738}.AppStore|Any CPU.Build.0 = Debug|Any CPU
		{809ED05A-AB1C-400E-9E4D-5060B859F738}.AppStore|Any CPU.Deploy.0 = Debug|Any CPU
		{809ED05A-AB1C-400E-9E4D-5060B859F738}.AppStore|iPhone.ActiveCfg = Debug|Any CPU
		{809ED05A-AB1C-400E-9E4D-5060B859F738}.AppStore|iPhone.Build.0 = Debug|Any CPU
		{809ED05A-AB1C-400E-9E4D-5060B859F738}.AppStore|iPhone.Deploy.0 = Debug|Any CPU
		{809ED05A-AB1C-400E-9E4D-5060B859F738}.AppStore|iPhoneSimulator.ActiveCfg = Debug|Any CPU
		{809ED05A-AB1C-400E-9E4D-5060B859F738}.AppStore|iPhoneSimulator.Build.0 = Debug|Any CPU
		{809ED05A-AB1C-400E-9E4D-5060B859F738}.AppStore|iPhoneSimulator.Deploy.0 = Debug|Any CPU
		{809ED05A-AB1C-400E-9E4D-5060B859F738}.Debug|Any CPU.ActiveCfg = Debug|Any CPU
		{809ED05A-AB1C-400E-9E4D-5060B859F738}.Debug|Any CPU.Build.0 = Debug|Any CPU
		{809ED05A-AB1C-400E-9E4D-5060B859F738}.Debug|Any CPU.Deploy.0 = Debug|Any CPU
		{809ED05A-AB1C-400E-9E4D-5060B859F738}.Debug|iPhone.ActiveCfg = Debug|Any CPU
		{809ED05A-AB1C-400E-9E4D-5060B859F738}.Debug|iPhone.Build.0 = Debug|Any CPU
		{809ED05A-AB1C-400E-9E4D-5060B859F738}.Debug|iPhone.Deploy.0 = Debug|Any CPU
		{809ED05A-AB1C-400E-9E4D-5060B859F738}.Debug|iPhoneSimulator.ActiveCfg = Debug|Any CPU
		{809ED05A-AB1C-400E-9E4D-5060B859F738}.Debug|iPhoneSimulator.Build.0 = Debug|Any CPU
		{809ED05A-AB1C-400E-9E4D-5060B859F738}.Debug|iPhoneSimulator.Deploy.0 = Debug|Any CPU
		{809ED05A-AB1C-400E-9E4D-5060B859F738}.Release|Any CPU.ActiveCfg = Release|Any CPU
		{809ED05A-AB1C-400E-9E4D-5060B859F738}.Release|Any CPU.Build.0 = Release|Any CPU
		{809ED05A-AB1C-400E-9E4D-5060B859F738}.Release|Any CPU.Deploy.0 = Release|Any CPU
		{809ED05A-AB1C-400E-9E4D-5060B859F738}.Release|iPhone.ActiveCfg = Release|Any CPU
		{809ED05A-AB1C-400E-9E4D-5060B859F738}.Release|iPhone.Build.0 = Release|Any CPU
		{809ED05A-AB1C-400E-9E4D-5060B859F738}.Release|iPhone.Deploy.0 = Release|Any CPU
		{809ED05A-AB1C-400E-9E4D-5060B859F738}.Release|iPhoneSimulator.ActiveCfg = Release|Any CPU
		{809ED05A-AB1C-400E-9E4D-5060B859F738}.Release|iPhoneSimulator.Build.0 = Release|Any CPU
		{809ED05A-AB1C-400E-9E4D-5060B859F738}.Release|iPhoneSimulator.Deploy.0 = Release|Any CPU
	EndGlobalSection
	GlobalSection(SolutionProperties) = preSolution
		HideSolutionNode = FALSE
	EndGlobalSection
	GlobalSection(ExtensibilityGlobals) = postSolution
		SolutionGuid = {F1324DDD-67F3-4849-B2B1-E3BBB1DB756B}
	EndGlobalSection
EndGlobal
